
Microsoft Visual Studio Solution File, Format Version 12.00
# Visual Studio 15
VisualStudioVersion = 15.0.26730.16
MinimumVisualStudioVersion = 10.0.40219.1
Project("{8BC9CEB8-8B4A-11D0-8D11-00A0C91BC942}") = "homework-01", "homework-01\homework-01.vcxproj", "{B288686E-48DF-4AFC-AB71-D4E629753FF6}"
EndProject
Global
	GlobalSection(SolutionConfigurationPlatforms) = preSolution
		Debug|x64 = Debug|x64
		Debug|x86 = Debug|x86
		Release|x64 = Release|x64
		Release|x86 = Release|x86
	EndGlobalSection
	GlobalSection(ProjectConfigurationPlatforms) = postSolution
		{B288686E-48DF-4AFC-AB71-D4E629753FF6}.Debug|x64.ActiveCfg = Debug|x64
		{B288686E-48DF-4AFC-AB71-D4E629753FF6}.Debug|x64.Build.0 = Debug|x64
		{B288686E-48DF-4AFC-AB71-D4E629753FF6}.Debug|x86.ActiveCfg = Debug|Win32
		{B288686E-48DF-4AFC-AB71-D4E629753FF6}.Debug|x86.Build.0 = Debug|Win32
		{B288686E-48DF-4AFC-AB71-D4E629753FF6}.Release|x64.ActiveCfg = Release|x64
		{B288686E-48DF-4AFC-AB71-D4E629753FF6}.Release|x64.Build.0 = Release|x64
		{B288686E-48DF-4AFC-AB71-D4E629753FF6}.Release|x86.ActiveCfg = Release|Win32
		{B288686E-48DF-4AFC-AB71-D4E629753FF6}.Release|x86.Build.0 = Release|Win32
	EndGlobalSection
	GlobalSection(SolutionProperties) = preSolution
		HideSolutionNode = FALSE
	EndGlobalSection
	GlobalSection(ExtensibilityGlobals) = postSolution
		SolutionGuid = {0DFE0D29-DBBE-4D92-94C8-9CC699CFD232}
	EndGlobalSection
EndGlobal
